
Microsoft Visual Studio Solution File, Format Version 12.00
# Visual Studio Version 17
VisualStudioVersion = 17.9.34723.18
MinimumVisualStudioVersion = 10.0.40219.1
Project("{9A19103F-16F7-4668-BE54-9A1E7A4F7556}") = "cotf_rewd", "cotf_rewd.csproj", "{95CB834E-CB4B-4064-9F4B-B586012A6D3A}"
EndProject
Project("{9A19103F-16F7-4668-BE54-9A1E7A4F7556}") = "FoundationR", "..\FoundationR\FoundationR.csproj", "{16FC1ABD-B985-4576-9B2F-2089851C5126}"
EndProject
Project("{FAE04EC0-301F-11D3-BF4B-00C04F79EFBC}") = "Foundation_GameTemplate", "..\Foundation_GameTemplate\Foundation_GameTemplate.csproj", "{256EA174-50EE-46A3-9EA4-3EFDC4BF23B4}"
EndProject
Global
	GlobalSection(SolutionConfigurationPlatforms) = preSolution
		Debug|Any CPU = Debug|Any CPU
		Release|Any CPU = Release|Any CPU
	EndGlobalSection
	GlobalSection(ProjectConfigurationPlatforms) = postSolution
		{95CB834E-CB4B-4064-9F4B-B586012A6D3A}.Debug|Any CPU.ActiveCfg = Debug|Any CPU
		{95CB834E-CB4B-4064-9F4B-B586012A6D3A}.Debug|Any CPU.Build.0 = Debug|Any CPU
		{95CB834E-CB4B-4064-9F4B-B586012A6D3A}.Release|Any CPU.ActiveCfg = Release|Any CPU
		{95CB834E-CB4B-4064-9F4B-B586012A6D3A}.Release|Any CPU.Build.0 = Release|Any CPU
		{16FC1ABD-B985-4576-9B2F-2089851C5126}.Debug|Any CPU.ActiveCfg = Debug|Any CPU
		{16FC1ABD-B985-4576-9B2F-2089851C5126}.Debug|Any CPU.Build.0 = Debug|Any CPU
		{16FC1ABD-B985-4576-9B2F-2089851C5126}.Release|Any CPU.ActiveCfg = Release|Any CPU
		{16FC1ABD-B985-4576-9B2F-2089851C5126}.Release|Any CPU.Build.0 = Release|Any CPU
		{256EA174-50EE-46A3-9EA4-3EFDC4BF23B4}.Debug|Any CPU.ActiveCfg = Debug|Any CPU
		{256EA174-50EE-46A3-9EA4-3EFDC4BF23B4}.Debug|Any CPU.Build.0 = Debug|Any CPU
		{256EA174-50EE-46A3-9EA4-3EFDC4BF23B4}.Release|Any CPU.ActiveCfg = Release|Any CPU
		{256EA174-50EE-46A3-9EA4-3EFDC4BF23B4}.Release|Any CPU.Build.0 = Release|Any CPU
	EndGlobalSection
	GlobalSection(SolutionProperties) = preSolution
		HideSolutionNode = FALSE
	EndGlobalSection
	GlobalSection(ExtensibilityGlobals) = postSolution
		SolutionGuid = {62DC9E91-FA1C-44D2-B4B2-AC74B0DA777F}
	EndGlobalSection
EndGlobal
